// !$*UTF8*$!
{
	archiveVersion = 1;
	classes = {
	};
	objectVersion = 55;
	objects = {

/* Begin PBXBuildFile section */
		B0C8185427A8F62000B65876 /* main.cpp in Sources */ = {isa = PBXBuildFile; fileRef = B0C8185327A8F62000B65876 /* main.cpp */; };
		B0C8186027A8F69500B65876 /* libsfml-graphics.2.5.1.dylib in Frameworks */ = {isa = PBXBuildFile; fileRef = B0C8185B27A8F69400B65876 /* libsfml-graphics.2.5.1.dylib */; };
		B0C8186127A8F69500B65876 /* libsfml-graphics.2.5.1.dylib in Embed Libraries */ = {isa = PBXBuildFile; fileRef = B0C8185B27A8F69400B65876 /* libsfml-graphics.2.5.1.dylib */; settings = {ATTRIBUTES = (CodeSignOnCopy, ); }; };
		B0C8186227A8F69500B65876 /* libsfml-system.2.5.1.dylib in Frameworks */ = {isa = PBXBuildFile; fileRef = B0C8185C27A8F69400B65876 /* libsfml-system.2.5.1.dylib */; };
		B0C8186327A8F69500B65876 /* libsfml-system.2.5.1.dylib in Embed Libraries */ = {isa = PBXBuildFile; fileRef = B0C8185C27A8F69400B65876 /* libsfml-system.2.5.1.dylib */; settings = {ATTRIBUTES = (CodeSignOnCopy, ); }; };
		B0C8186427A8F69500B65876 /* libsfml-network.2.5.1.dylib in Frameworks */ = {isa = PBXBuildFile; fileRef = B0C8185D27A8F69500B65876 /* libsfml-network.2.5.1.dylib */; };
		B0C8186527A8F69500B65876 /* libsfml-network.2.5.1.dylib in Embed Libraries */ = {isa = PBXBuildFile; fileRef = B0C8185D27A8F69500B65876 /* libsfml-network.2.5.1.dylib */; settings = {ATTRIBUTES = (CodeSignOnCopy, ); }; };
		B0C8186627A8F69500B65876 /* libsfml-audio.2.5.1.dylib in Frameworks */ = {isa = PBXBuildFile; fileRef = B0C8185E27A8F69500B65876 /* libsfml-audio.2.5.1.dylib */; };
		B0C8186727A8F69500B65876 /* libsfml-audio.2.5.1.dylib in Embed Libraries */ = {isa = PBXBuildFile; fileRef = B0C8185E27A8F69500B65876 /* libsfml-audio.2.5.1.dylib */; settings = {ATTRIBUTES = (CodeSignOnCopy, ); }; };
		B0C8186827A8F69500B65876 /* libsfml-window.2.5.1.dylib in Frameworks */ = {isa = PBXBuildFile; fileRef = B0C8185F27A8F69500B65876 /* libsfml-window.2.5.1.dylib */; };
		B0C8186927A8F69500B65876 /* libsfml-window.2.5.1.dylib in Embed Libraries */ = {isa = PBXBuildFile; fileRef = B0C8185F27A8F69500B65876 /* libsfml-window.2.5.1.dylib */; settings = {ATTRIBUTES = (CodeSignOnCopy, ); }; };
/* End PBXBuildFile section */

/* Begin PBXCopyFilesBuildPhase section */
		B0C8184E27A8F62000B65876 /* CopyFiles */ = {
			isa = PBXCopyFilesBuildPhase;
			buildActionMask = 2147483647;
			dstPath = /usr/share/man/man1/;
			dstSubfolderSpec = 0;
			files = (
			);
			runOnlyForDeploymentPostprocessing = 1;
		};
		B0C8186A27A8F69500B65876 /* Embed Libraries */ = {
			isa = PBXCopyFilesBuildPhase;
			buildActionMask = 2147483647;
			dstPath = "";
			dstSubfolderSpec = 10;
			files = (
				B0C8186527A8F69500B65876 /* libsfml-network.2.5.1.dylib in Embed Libraries */,
				B0C8186727A8F69500B65876 /* libsfml-audio.2.5.1.dylib in Embed Libraries */,
				B0C8186927A8F69500B65876 /* libsfml-window.2.5.1.dylib in Embed Libraries */,
				B0C8186127A8F69500B65876 /* libsfml-graphics.2.5.1.dylib in Embed Libraries */,
				B0C8186327A8F69500B65876 /* libsfml-system.2.5.1.dylib in Embed Libraries */,
			);
			name = "Embed Libraries";
			runOnlyForDeploymentPostprocessing = 0;
		};
/* End PBXCopyFilesBuildPhase section */

/* Begin PBXFileReference section */
		B0C8185027A8F62000B65876 /* SFML-Playground */ = {isa = PBXFileReference; explicitFileType = "compiled.mach-o.executable"; includeInIndex = 0; path = "SFML-Playground"; sourceTree = BUILT_PRODUCTS_DIR; };
		B0C8185327A8F62000B65876 /* main.cpp */ = {isa = PBXFileReference; lastKnownFileType = sourcecode.cpp.cpp; path = main.cpp; sourceTree = "<group>"; };
		B0C8185B27A8F69400B65876 /* libsfml-graphics.2.5.1.dylib */ = {isa = PBXFileReference; lastKnownFileType = "compiled.mach-o.dylib"; name = "libsfml-graphics.2.5.1.dylib"; path = "../../../../../../../../../opt/homebrew/Cellar/sfml/2.5.1_1/lib/libsfml-graphics.2.5.1.dylib"; sourceTree = "<group>"; };
		B0C8185C27A8F69400B65876 /* libsfml-system.2.5.1.dylib */ = {isa = PBXFileReference; lastKnownFileType = "compiled.mach-o.dylib"; name = "libsfml-system.2.5.1.dylib"; path = "../../../../../../../../../opt/homebrew/Cellar/sfml/2.5.1_1/lib/libsfml-system.2.5.1.dylib"; sourceTree = "<group>"; };
		B0C8185D27A8F69500B65876 /* libsfml-network.2.5.1.dylib */ = {isa = PBXFileReference; lastKnownFileType = "compiled.mach-o.dylib"; name = "libsfml-network.2.5.1.dylib"; path = "../../../../../../../../../opt/homebrew/Cellar/sfml/2.5.1_1/lib/libsfml-network.2.5.1.dylib"; sourceTree = "<group>"; };
		B0C8185E27A8F69500B65876 /* libsfml-audio.2.5.1.dylib */ = {isa = PBXFileReference; lastKnownFileType = "compiled.mach-o.dylib"; name = "libsfml-audio.2.5.1.dylib"; path = "../../../../../../../../../opt/homebrew/Cellar/sfml/2.5.1_1/lib/libsfml-audio.2.5.1.dylib"; sourceTree = "<group>"; };
		B0C8185F27A8F69500B65876 /* libsfml-window.2.5.1.dylib */ = {isa = PBXFileReference; lastKnownFileType = "compiled.mach-o.dylib"; name = "libsfml-window.2.5.1.dylib"; path = "../../../../../../../../../opt/homebrew/Cellar/sfml/2.5.1_1/lib/libsfml-window.2.5.1.dylib"; sourceTree = "<group>"; };
/* End PBXFileReference section */

/* Begin PBXFrameworksBuildPhase section */
		B0C8184D27A8F62000B65876 /* Frameworks */ = {
			isa = PBXFrameworksBuildPhase;
			buildActionMask = 2147483647;
			files = (
				B0C8186427A8F69500B65876 /* libsfml-network.2.5.1.dylib in Frameworks */,
				B0C8186627A8F69500B65876 /* libsfml-audio.2.5.1.dylib in Frameworks */,
				B0C8186827A8F69500B65876 /* libsfml-window.2.5.1.dylib in Frameworks */,
				B0C8186027A8F69500B65876 /* libsfml-graphics.2.5.1.dylib in Frameworks */,
				B0C8186227A8F69500B65876 /* libsfml-system.2.5.1.dylib in Frameworks */,
			);
			runOnlyForDeploymentPostprocessing = 0;
		};
/* End PBXFrameworksBuildPhase section */

/* Begin PBXGroup section */
		B0C8184727A8F62000B65876 = {
			isa = PBXGroup;
			children = (
				B0C8185227A8F62000B65876 /* SFML-Playground */,
				B0C8185127A8F62000B65876 /* Products */,
				B0C8185A27A8F69400B65876 /* Frameworks */,
			);
			sourceTree = "<group>";
		};
		B0C8185127A8F62000B65876 /* Products */ = {
			isa = PBXGroup;
			children = (
				B0C8185027A8F62000B65876 /* SFML-Playground */,
			);
			name = Products;
			sourceTree = "<group>";
		};
		B0C8185227A8F62000B65876 /* SFML-Playground */ = {
			isa = PBXGroup;
			children = (
				B0C8185327A8F62000B65876 /* main.cpp */,
			);
			path = "SFML-Playground";
			sourceTree = "<group>";
		};
		B0C8185A27A8F69400B65876 /* Frameworks */ = {
			isa = PBXGroup;
			children = (
				B0C8185E27A8F69500B65876 /* libsfml-audio.2.5.1.dylib */,
				B0C8185B27A8F69400B65876 /* libsfml-graphics.2.5.1.dylib */,
				B0C8185D27A8F69500B65876 /* libsfml-network.2.5.1.dylib */,
				B0C8185C27A8F69400B65876 /* libsfml-system.2.5.1.dylib */,
				B0C8185F27A8F69500B65876 /* libsfml-window.2.5.1.dylib */,
			);
			name = Frameworks;
			sourceTree = "<group>";
		};
/* End PBXGroup section */

/* Begin PBXNativeTarget section */
		B0C8184F27A8F62000B65876 /* SFML-Playground */ = {
			isa = PBXNativeTarget;
			buildConfigurationList = B0C8185727A8F62000B65876 /* Build configuration list for PBXNativeTarget "SFML-Playground" */;
			buildPhases = (
				B0C8184C27A8F62000B65876 /* Sources */,
				B0C8184D27A8F62000B65876 /* Frameworks */,
				B0C8184E27A8F62000B65876 /* CopyFiles */,
				B0C8186A27A8F69500B65876 /* Embed Libraries */,
			);
			buildRules = (
			);
			dependencies = (
			);
			name = "SFML-Playground";
			productName = "SFML-Playground";
			productReference = B0C8185027A8F62000B65876 /* SFML-Playground */;
			productType = "com.apple.product-type.tool";
		};
/* End PBXNativeTarget section */

/* Begin PBXProject section */
		B0C8184827A8F62000B65876 /* Project object */ = {
			isa = PBXProject;
			attributes = {
				BuildIndependentTargetsInParallel = 1;
				LastUpgradeCheck = 1320;
				TargetAttributes = {
					B0C8184F27A8F62000B65876 = {
						CreatedOnToolsVersion = 13.2.1;
					};
				};
			};
			buildConfigurationList = B0C8184B27A8F62000B65876 /* Build configuration list for PBXProject "SFML-Playground" */;
			compatibilityVersion = "Xcode 13.0";
			developmentRegion = en;
			hasScannedForEncodings = 0;
			knownRegions = (
				en,
				Base,
			);
			mainGroup = B0C8184727A8F62000B65876;
			productRefGroup = B0C8185127A8F62000B65876 /* Products */;
			projectDirPath = "";
			projectRoot = "";
			targets = (
				B0C8184F27A8F62000B65876 /* SFML-Playground */,
			);
		};
/* End PBXProject section */

/* Begin PBXSourcesBuildPhase section */
		B0C8184C27A8F62000B65876 /* Sources */ = {
			isa = PBXSourcesBuildPhase;
			buildActionMask = 2147483647;
			files = (
				B0C8185427A8F62000B65876 /* main.cpp in Sources */,
			);
			runOnlyForDeploymentPostprocessing = 0;
		};
/* End PBXSourcesBuildPhase section */

/* Begin XCBuildConfiguration section */
		B0C8185527A8F62000B65876 /* Debug */ = {
			isa = XCBuildConfiguration;
			buildSettings = {
				ALWAYS_SEARCH_USER_PATHS = NO;
				CLANG_ANALYZER_NONNULL = YES;
				CLANG_ANALYZER_NUMBER_OBJECT_CONVERSION = YES_AGGRESSIVE;
				CLANG_CXX_LANGUAGE_STANDARD = "gnu++17";
				CLANG_CXX_LIBRARY = "libc++";
				CLANG_ENABLE_MODULES = YES;
				CLANG_ENABLE_OBJC_ARC = YES;
				CLANG_ENABLE_OBJC_WEAK = YES;
				CLANG_WARN_BLOCK_CAPTURE_AUTORELEASING = YES;
				CLANG_WARN_BOOL_CONVERSION = YES;
				CLANG_WARN_COMMA = YES;
				CLANG_WARN_CONSTANT_CONVERSION = YES;
				CLANG_WARN_DEPRECATED_OBJC_IMPLEMENTATIONS = YES;
				CLANG_WARN_DIRECT_OBJC_ISA_USAGE = YES_ERROR;
				CLANG_WARN_DOCUMENTATION_COMMENTS = YES;
				CLANG_WARN_EMPTY_BODY = YES;
				CLANG_WARN_ENUM_CONVERSION = YES;
				CLANG_WARN_INFINITE_RECURSION = YES;
				CLANG_WARN_INT_CONVERSION = YES;
				CLANG_WARN_NON_LITERAL_NULL_CONVERSION = YES;
				CLANG_WARN_OBJC_IMPLICIT_RETAIN_SELF = YES;
				CLANG_WARN_OBJC_LITERAL_CONVERSION = YES;
				CLANG_WARN_OBJC_ROOT_CLASS = YES_ERROR;
				CLANG_WARN_QUOTED_INCLUDE_IN_FRAMEWORK_HEADER = YES;
				CLANG_WARN_RANGE_LOOP_ANALYSIS = YES;
				CLANG_WARN_STRICT_PROTOTYPES = YES;
				CLANG_WARN_SUSPICIOUS_MOVE = YES;
				CLANG_WARN_UNGUARDED_AVAILABILITY = YES_AGGRESSIVE;
				CLANG_WARN_UNREACHABLE_CODE = YES;
				CLANG_WARN__DUPLICATE_METHOD_MATCH = YES;
				COPY_PHASE_STRIP = NO;
				DEBUG_INFORMATION_FORMAT = dwarf;
				ENABLE_STRICT_OBJC_MSGSEND = YES;
				ENABLE_TESTABILITY = YES;
				GCC_C_LANGUAGE_STANDARD = gnu11;
				GCC_DYNAMIC_NO_PIC = NO;
				GCC_NO_COMMON_BLOCKS = YES;
				GCC_OPTIMIZATION_LEVEL = 0;
				GCC_PREPROCESSOR_DEFINITIONS = (
					"DEBUG=1",
					"$(inherited)",
				);
				GCC_WARN_64_TO_32_BIT_CONVERSION = YES;
				GCC_WARN_ABOUT_RETURN_TYPE = YES_ERROR;
				GCC_WARN_UNDECLARED_SELECTOR = YES;
				GCC_WARN_UNINITIALIZED_AUTOS = YES_AGGRESSIVE;
				GCC_WARN_UNUSED_FUNCTION = YES;
				GCC_WARN_UNUSED_VARIABLE = YES;
				MACOSX_DEPLOYMENT_TARGET = 12.1;
				MTL_ENABLE_DEBUG_INFO = INCLUDE_SOURCE;
				MTL_FAST_MATH = YES;
				ONLY_ACTIVE_ARCH = YES;
				SDKROOT = macosx;
			};
			name = Debug;
		};
		B0C8185627A8F62000B65876 /* Release */ = {
			isa = XCBuildConfiguration;
			buildSettings = {
				ALWAYS_SEARCH_USER_PATHS = NO;
				CLANG_ANALYZER_NONNULL = YES;
				CLANG_ANALYZER_NUMBER_OBJECT_CONVERSION = YES_AGGRESSIVE;
				CLANG_CXX_LANGUAGE_STANDARD = "gnu++17";
				CLANG_CXX_LIBRARY = "libc++";
				CLANG_ENABLE_MODULES = YES;
				CLANG_ENABLE_OBJC_ARC = YES;
				CLANG_ENABLE_OBJC_WEAK = YES;
				CLANG_WARN_BLOCK_CAPTURE_AUTORELEASING = YES;
				CLANG_WARN_BOOL_CONVERSION = YES;
				CLANG_WARN_COMMA = YES;
				CLANG_WARN_CONSTANT_CONVERSION = YES;
				CLANG_WARN_DEPRECATED_OBJC_IMPLEMENTATIONS = YES;
				CLANG_WARN_DIRECT_OBJC_ISA_USAGE = YES_ERROR;
				CLANG_WARN_DOCUMENTATION_COMMENTS = YES;
				CLANG_WARN_EMPTY_BODY = YES;
				CLANG_WARN_ENUM_CONVERSION = YES;
				CLANG_WARN_INFINITE_RECURSION = YES;
				CLANG_WARN_INT_CONVERSION = YES;
				CLANG_WARN_NON_LITERAL_NULL_CONVERSION = YES;
				CLANG_WARN_OBJC_IMPLICIT_RETAIN_SELF = YES;
				CLANG_WARN_OBJC_LITERAL_CONVERSION = YES;
				CLANG_WARN_OBJC_ROOT_CLASS = YES_ERROR;
				CLANG_WARN_QUOTED_INCLUDE_IN_FRAMEWORK_HEADER = YES;
				CLANG_WARN_RANGE_LOOP_ANALYSIS = YES;
				CLANG_WARN_STRICT_PROTOTYPES = YES;
				CLANG_WARN_SUSPICIOUS_MOVE = YES;
				CLANG_WARN_UNGUARDED_AVAILABILITY = YES_AGGRESSIVE;
				CLANG_WARN_UNREACHABLE_CODE = YES;
				CLANG_WARN__DUPLICATE_METHOD_MATCH = YES;
				COPY_PHASE_STRIP = NO;
				DEBUG_INFORMATION_FORMAT = "dwarf-with-dsym";
				ENABLE_NS_ASSERTIONS = NO;
				ENABLE_STRICT_OBJC_MSGSEND = YES;
				GCC_C_LANGUAGE_STANDARD = gnu11;
				GCC_NO_COMMON_BLOCKS = YES;
				GCC_WARN_64_TO_32_BIT_CONVERSION = YES;
				GCC_WARN_ABOUT_RETURN_TYPE = YES_ERROR;
				GCC_WARN_UNDECLARED_SELECTOR = YES;
				GCC_WARN_UNINITIALIZED_AUTOS = YES_AGGRESSIVE;
				GCC_WARN_UNUSED_FUNCTION = YES;
				GCC_WARN_UNUSED_VARIABLE = YES;
				MACOSX_DEPLOYMENT_TARGET = 12.1;
				MTL_ENABLE_DEBUG_INFO = NO;
				MTL_FAST_MATH = YES;
				SDKROOT = macosx;
			};
			name = Release;
		};
		B0C8185827A8F62000B65876 /* Debug */ = {
			isa = XCBuildConfiguration;
			buildSettings = {
				CODE_SIGN_STYLE = Automatic;
				HEADER_SEARCH_PATHS = /opt/homebrew/Cellar/sfml/2.5.1_1/include;
				LIBRARY_SEARCH_PATHS = (
					"$(inherited)",
					/opt/homebrew/Cellar/sfml/2.5.1_1/lib,
				);
				PRODUCT_NAME = "$(TARGET_NAME)";
			};
			name = Debug;
		};
		B0C8185927A8F62000B65876 /* Release */ = {
			isa = XCBuildConfiguration;
			buildSettings = {
				CODE_SIGN_STYLE = Automatic;
				HEADER_SEARCH_PATHS = /opt/homebrew/Cellar/sfml/2.5.1_1/include;
				LIBRARY_SEARCH_PATHS = (
					"$(inherited)",
					/opt/homebrew/Cellar/sfml/2.5.1_1/lib,
				);
				PRODUCT_NAME = "$(TARGET_NAME)";
			};
			name = Release;
		};
/* End XCBuildConfiguration section */

/* Begin XCConfigurationList section */
		B0C8184B27A8F62000B65876 /* Build configuration list for PBXProject "SFML-Playground" */ = {
			isa = XCConfigurationList;
			buildConfigurations = (
				B0C8185527A8F62000B65876 /* Debug */,
				B0C8185627A8F62000B65876 /* Release */,
			);
			defaultConfigurationIsVisible = 0;
			defaultConfigurationName = Release;
		};
		B0C8185727A8F62000B65876 /* Build configuration list for PBXNativeTarget "SFML-Playground" */ = {
			isa = XCConfigurationList;
			buildConfigurations = (
				B0C8185827A8F62000B65876 /* Debug */,
				B0C8185927A8F62000B65876 /* Release */,
			);
			defaultConfigurationIsVisible = 0;
			defaultConfigurationName = Release;
		};
/* End XCConfigurationList section */
	};
	rootObject = B0C8184827A8F62000B65876 /* Project object */;
}
